
Microsoft Visual Studio Solution File, Format Version 12.00
# Visual Studio Version 17
VisualStudioVersion = 17.7.34031.279
MinimumVisualStudioVersion = 10.0.40219.1
Project("{FAE04EC0-301F-11D3-BF4B-00C04F79EFBC}") = "FPT_JOB", "FPT_JOB.csproj", "{CE6DEC5E-ACFE-4FE0-8DE2-E437665F3FE8}"
EndProject
Global
	GlobalSection(SolutionConfigurationPlatforms) = preSolution
		Debug|Any CPU = Debug|Any CPU
		Release|Any CPU = Release|Any CPU
	EndGlobalSection
	GlobalSection(ProjectConfigurationPlatforms) = postSolution
		{CE6DEC5E-ACFE-4FE0-8DE2-E437665F3FE8}.Debug|Any CPU.ActiveCfg = Debug|Any CPU
		{CE6DEC5E-ACFE-4FE0-8DE2-E437665F3FE8}.Debug|Any CPU.Build.0 = Debug|Any CPU
		{CE6DEC5E-ACFE-4FE0-8DE2-E437665F3FE8}.Release|Any CPU.ActiveCfg = Release|Any CPU
		{CE6DEC5E-ACFE-4FE0-8DE2-E437665F3FE8}.Release|Any CPU.Build.0 = Release|Any CPU
	EndGlobalSection
	GlobalSection(SolutionProperties) = preSolution
		HideSolutionNode = FALSE
	EndGlobalSection
	GlobalSection(ExtensibilityGlobals) = postSolution
		SolutionGuid = {38947BBC-46C5-4A14-A746-3409D346A1AA}
	EndGlobalSection
EndGlobal
